
Microsoft Visual Studio Solution File, Format Version 12.00
# Visual Studio Version 17
VisualStudioVersion = 17.13.35818.85 d17.13
MinimumVisualStudioVersion = 10.0.40219.1
Project("{FAE04EC0-301F-11D3-BF4B-00C04F79EFBC}") = "MyLinx", "MyLinx\MyLinx.csproj", "{91946366-0A27-4B60-8894-0E7BF9242503}"
EndProject
Global
	GlobalSection(SolutionConfigurationPlatforms) = preSolution
		Debug|Any CPU = Debug|Any CPU
		Release|Any CPU = Release|Any CPU
	EndGlobalSection
	GlobalSection(ProjectConfigurationPlatforms) = postSolution
		{91946366-0A27-4B60-8894-0E7BF9242503}.Debug|Any CPU.ActiveCfg = Debug|Any CPU
		{91946366-0A27-4B60-8894-0E7BF9242503}.Debug|Any CPU.Build.0 = Debug|Any CPU
		{91946366-0A27-4B60-8894-0E7BF9242503}.Release|Any CPU.ActiveCfg = Release|Any CPU
		{91946366-0A27-4B60-8894-0E7BF9242503}.Release|Any CPU.Build.0 = Release|Any CPU
	EndGlobalSection
	GlobalSection(SolutionProperties) = preSolution
		HideSolutionNode = FALSE
	EndGlobalSection
	GlobalSection(ExtensibilityGlobals) = postSolution
		SolutionGuid = {044BA477-9A77-4008-98E3-655AA4949A7E}
	EndGlobalSection
EndGlobal
